cloud.google.com/go v0.26.0/go.mod h1:aQUYkXzVsufM+DwF1aE+0xfcU+56JwCaLick0ClmMTw=
github.com/DataDog/zstd v1.3.5 h1:DtpNbljikUepEPD16hD4LvIcmhnhdLTiW/5pHgbmp14=
github.com/DataDog/zstd v1.3.5/go.mod h1:1jcaCB/ufaK+sKp1NBhlGmpz41jOoPQ35bpF36t7BBo=
github.com/Shopify/sarama v1.20.1 h1:Bb0h3I++r4eX333Y0uZV2vwUXepJbt6ig05TUU1qt9I=
github.com/Shopify/sarama v1.20.1/go.mod h1:FVkBWblsNy7DGZRfXLU0O9RCGt5g3g3yEuWXgklEdEo=
github.com/Unix4ever/statsd v0.0.0-20160120230120-a8219f1fb9d8 h1:Z2mWzwrj1bPcMWAyqWkadeguRCOzkQOcoqJG0yitrjk=
github.com/Unix4ever/statsd v0.0.0-20160120230120-a8219f1fb9d8/go.mod h1:flll3wbNf1Qxq2GxIDF5x0IEnv0BvkBSbPSEsnW9I4Q=
github.com/cactus/go-statsd-client/statsd v0.0.0-20190125104250-82b7a1700102 h1:kM3Co+3YoeL7Tuwq7nXfMDWAC8wD79kfY5eRdyOdnsc=
github.com/cactus/go-statsd-client/statsd v0.0.0-20190125104250-82b7a1700102/go.mod h1:3/sdo8I67TaOslRGJ6FqQC/ynu+wg7H6IE4WYtr51hk=
github.com/client9/misspell v0.3.4/go.mod h1:qj6jICC3Q7zFZvVWo7KLAzC3yx5G7kyvSDkc90ppPyw=
github.com/coreos/etcd v3.3.11+incompatible h1:U0wJghY374q+UrjOM2mfROHSwEspsQVkCACB1PGka1g=
github.com/coreos/etcd v3.3.11+incompatible/go.mod h1:uF7uidLiAD3TWHmW31ZFd/JWoc32PjwdhPthX9715RE=
github.com/davecgh/go-spew v1.1.0/go.mod h1:J7Y8YcW2NihsgmVo/mv3lAwl/skON4iLHjSsI+c5H38=
github.com/davecgh/go-spew v1.1.1 h1:vj9j/u1bqnvCEfJOwUhtlOARqs3+rkHYY13jYWTU97c=
github.com/davecgh/go-spew v1.1.1/go.mod h1:J7Y8YcW2NihsgmVo/mv3lAwl/skON4iLHjSsI+c5H38=
github.com/eapache/go-resiliency v1.1.0 h1:1NtRmCAqadE2FN4ZcN6g90TP3uk8cg9rn9eNK2197aU=
github.com/eapache/go-resiliency v1.1.0/go.mod h1:kFI+JgMyC7bLPUVY133qvEBtVayf5mFgVsvEsIPBvNs=
github.com/eapache/go-xerial-snappy v0.0.0-20180814174437-776d5712da21 h1:YEetp8/yCZMuEPMUDHG0CW/brkkEp8mzqk2+ODEitlw=
github.com/eapache/go-xerial-snappy v0.0.0-20180814174437-776d5712da21/go.mod h1:+020luEh2TKB4/GOp8oxxtq0Daoen/Cii55CzbTV6DU=
github.com/eapache/queue v1.1.0 h1:YOEu7KNc61ntiQlcEeUIoDTJ2o8mQznoNvUhiigpIqc=
github.com/eapache/queue v1.1.0/go.mod h1:6eCeP0CKFpHLu8blIFXhExK/dRa7WDZfr6jVFPTqq+I=
github.com/fatih/structs v1.1.0 h1:Q7juDM0QtcnhCpeyLGQKyg4TOIghuNXrkL32pHAUMxo=
github.com/fatih/structs v1.1.0/go.mod h1:9NiDSp5zOcgEDl+j00MP/WkGVPOlPRLejGD8Ga6PJ7M=
github.com/ghodss/yaml v1.0.0 h1:wQHKEahhL6wmXdzwWG11gIVCkOv05bNOh+Rxn0yngAk=
github.com/ghodss/yaml v1.0.0/go.mod h1:4dBDuWmgqj2HViK6kFavaiC9ZROes6MMH2rRYeMEF04=
github.com/gogo/protobuf v1.2.0 h1:xU6/SpYbvkNYiptHJYEDRseDLvYE7wSqhYYNy0QSUzI=
github.com/gogo/protobuf v1.2.0/go.mod h1:r8qH/GZQm5c6nD/R0oafs1akxWv10x8SbQlK7atdtwQ=
github.com/golang/glog v0.0.0-20160126235308-23def4e6c14b h1:VKtxabqXZkF25pY9ekfRL6a582T4P37/31XEstQ5p58=
github.com/golang/glog v0.0.0-20160126235308-23def4e6c14b/go.mod h1:SBH7ygxi8pfUlaOkMMuAQtPIUF8ecWP5IEl/CR7VP2Q=
github.com/golang/mock v1.1.1/go.mod h1:oTYuIxOrZwtPieC+H1uAHpcLFnEyAGVDL/k47Jfbm0A=
github.com/golang/protobuf v1.2.0 h1:P3YflyNX/ehuJFLhxviNdFxQPkGK5cDcApsge1SqnvM=
github.com/golang/protobuf v1.2.0/go.mod h1:6lQm79b+lXiMfvg/cZm0SGofjICqVBUtrP5yJMmIC1U=
github.com/golang/snappy v0.0.0-20180518054509-2e65f85255db h1:woRePGFeVFfLKN/pOkfl+p/TAqKOfFu+7KPlMVpok/w=
github.com/golang/snappy v0.0.0-20180518054509-2e65f85255db/go.mod h1:/XxbfmMg8lxefKM7IXC3fBNl/7bRcc72aCRzEWrmP2Q=
github.com/gorilla/mux v1.7.0 h1:tOSd0UKHQd6urX6ApfOn4XdBMY6Sh1MfxV3kmaazO+U=
github.com/gorilla/mux v1.7.0/go.mod h1:1lud6UwP+6orDFRuTfBEV8e9/aOM/c4fVVCaMa2zaAs=
github.com/kisielk/gotool v1.0.0/go.mod h1:XhKaO+MFFWcvkIS/tQcRk01m1F5IRFswLeQ+oQHNcck=
github.com/konsorten/go-windows-terminal-sequences v1.0.1 h1:mweAR1A6xJ3oS2pRaGiHgQ4OO8tzTaLawm8vnODuwDk=
github.com/konsorten/go-windows-terminal-sequences v1.0.1/go.mod h1:T0+1ngSBFLxvqU3pZ+m/2kptfBszLMUkC4ZK/EgS/cQ=
github.com/kr/pretty v0.1.0 h1:L/CwN0zerZDmRFUapSPitk6f+Q3+0za1rQkzVuMiMFI=
github.com/kr/pretty v0.1.0/go.mod h1:dAy3ld7l9f0ibDNOQOHHMYYIIbhfbHSm3C4ZsoJORNo=
github.com/kr/pty v1.1.1/go.mod h1:pFQYn66WHrOpPYNljwOMqo10TkYh1fy3cYio2l3bCsQ=
github.com/kr/text v0.1.0 h1:45sCR5RtlFHMR4UwH9sdQ5TC8v0qDQCHnXt+kaKSTVE=
github.com/kr/text v0.1.0/go.mod h1:4Jbv+DJW3UT/LiOwJeYQe1efqtUx/iVham/4vfdArNI=
github.com/mailgun/holster v2.3.2+incompatible h1:MjqRfQrC77OPm0E0l0Beam6y2sWfRQZkH1X7StB6pek=
github.com/mailgun/holster v2.3.2+incompatible/go.mod h1:crzolGx27RP/IBT/BnPQiYBB9igmAFHGRrz0zlMP0b0=
github.com/mailgun/iptools v0.0.0-20170310010557-ba8d5743f678 h1:+EDlANF2F7wKkA+S4La5FkBliWmEaGZi6DEWnUmKPhE=
github.com/mailgun/iptools v0.0.0-20170310010557-ba8d5743f678/go.mod h1:PjqeoGX74TqJzMPpVz3S+WjtGNeIzgiW13DilGqbHUk=
github.com/mailgun/logrus-hooks v1.2.1 h1:1paOVAsjXbvqoI1dft6gG+8WRc+CPJtnJjOjxhBkmuo=
github.com/mailgun/logrus-hooks v1.2.1/go.mod h1:YRm/XRR8Kmhtyq6FbqszTPq+RxEHvtc1Dlf0Beo8P1k=
github.com/mailgun/service v1.3.1 h1:wQ71ADMe4DcIuCkPthPaliHmjzMvOdY7Vyt3LaCw8BQ=
github.com/mailgun/service v1.3.1/go.mod h1:v7v8DsEfe8xL/SdvRXuxonjzeI7leewDaS3/gfcwG1k=
github.com/mailru/easyjson v0.0.0-20180823135443-60711f1a8329 h1:2gxZ0XQIU/5z3Z3bUBu+FXuk2pFbkN6tcwi/pjyaDic=
github.com/mailru/easyjson v0.0.0-20180823135443-60711f1a8329/go.mod h1:C1wdFJiN94OJF2b5HbByQZoLdCWB1Yqtg26g4irojpc=
github.com/mattn/go-colorable v0.1.0 h1:v2XXALHHh6zHfYTJ+cSkwtyffnaOyR1MXaA91mTrb8o=
github.com/mattn/go-colorable v0.1.0/go.mod h1:9vuHe8Xs5qXnSaW/c/ABM9alt+Vo+STaOChaDxuIBZU=
github.com/mattn/go-isatty v0.0.4 h1:bnP0vzxcAdeI1zdubAl5PjU6zsERjGZb7raWodagDYs=
github.com/mattn/go-isatty v0.0.4/go.mod h1:M+lRXTBqGeGNdLjl/ufCoiOlB5xdOkqRJdNxMWT7Zi4=
github.com/mgutz/ansi v0.0.0-20170206155736-9520e82c474b h1:j7+1HpAFS1zy5+Q4qx1fWh90gTKwiN4QCGoY9TWyyO4=
github.com/mgutz/ansi v0.0.0-20170206155736-9520e82c474b/go.mod h1:01TrycV0kFyexm33Z7vhZRXopbI8J3TDReVlkTgMUxE=
github.com/peterbourgon/g2s v0.0.0-20170223122336-d4e7ad98afea h1:sKwxy1H95npauwu8vtF95vG/syrL0p8fSZo/XlDg5gk=
github.com/peterbourgon/g2s v0.0.0-20170223122336-d4e7ad98afea/go.mod h1:1VcHEd3ro4QMoHfiNl/j7Jkln9+KQuorp0PItHMJYNg=
github.com/pierrec/lz4 v2.0.5+incompatible h1:2xWsjqPFWcplujydGg4WmhC/6fZqK42wMM8aXeqhl0I=
github.com/pierrec/lz4 v2.0.5+incompatible/go.mod h1:pdkljMzZIN41W+lC3N2tnIh5sFi+IEE17M5jbnwPHcY=
github.com/pkg/errors v0.8.1 h1:iURUrRGxPUNPdy5/HRSm+Yj6okJ6UtLINN0Q9M4+h3I=
github.com/pkg/errors v0.8.1/go.mod h1:bwawxfHBFNV+L2hUp1rHADufV3IMtnDRdf1r5NINEl0=
github.com/pmezard/go-difflib v1.0.0 h1:4DBwDE0NGyQoBHbLQYPwSUPoCMWR5BEzIk/f1lZbAQM=
github.com/pmezard/go-difflib v1.0.0/go.mod h1:iKH77koFhYxTK1pcRnkKkqfTogsbg7gZNVY4sRDYZ/4=
github.com/quipo/statsd v0.0.0-20180118161217-3d6a5565f314 h1:86XpVGN4oVnVheHik6ioWg+1fOnWu1GgyNzV6cr2ifs=
github.com/quipo/statsd v0.0.0-20180118161217-3d6a5565f314/go.mod h1:1COUodqytMiv/GkAVUGhc0CA6e8xak5U4551TY7iEe0=
github.com/rcrowley/go-metrics v0.0.0-20181016184325-3113b8401b8a h1:9ZKAASQSHhDYGoxY8uLVpewe1GDZ2vu2Tr/vTdVAkFQ=
github.com/rcrowley/go-metrics v0.0.0-20181016184325-3113b8401b8a/go.mod h1:bCqnVzQkZxMG4s8nGwiZ5l3QUCyqpo9Y+/ZMZ9VjZe4=
github.com/sirupsen/logrus v1.3.0 h1:hI/7Q+DtNZ2kINb6qt/lS+IyXnHQe9e90POfeewL/ME=
github.com/sirupsen/logrus v1.3.0/go.mod h1:LxeOpSwHxABJmUn/MG1IvRgCAasNZTLOkJPxbbu5VWo=
github.com/smira/go-statsd v1.2.1 h1:4ZX5aOjb9zq05DK+s4LfGr5wQ+bSwRErbC69TXqMaiU=
github.com/smira/go-statsd v1.2.1/go.mod h1:EeOJShgQdCLKihNKZrhYf9918MStmI2ueQ4I1kVSTFA=
github.com/stretchr/objx v0.1.0/go.mod h1:HFkY916IF+rwdDfMAkV7OtwuqBVzrE8GR6GFx+wExME=
github.com/stretchr/objx v0.1.1/go.mod h1:HFkY916IF+rwdDfMAkV7OtwuqBVzrE8GR6GFx+wExME=
github.com/stretchr/testify v1.2.2/go.mod h1:a8OnRcib4nhh0OaRAV+Yts87kKdq0PP7pXfy6kDkUVs=
github.com/stretchr/testify v1.3.0 h1:TivCn/peBQ7UY8ooIcPgZFpTNSz0Q2U6UrFlUfqbe0Q=
github.com/stretchr/testify v1.3.0/go.mod h1:M5WIy9Dh21IEIfnGCwXGc5bZfKNJtfHm1UVUgZn+9EI=
github.com/valyala/bytebufferpool v1.0.0 h1:GqA5TC/0021Y/b9FG4Oi9Mr3q7XYx6KllzawFIhcdPw=
github.com/valyala/bytebufferpool v1.0.0/go.mod h1:6bBcMArwyJ5K/AmCkWv1jt77kVWyCJ6HpOuEn7z0Csc=
github.com/x-cray/logrus-prefixed-formatter v0.5.2 h1:00txxvfBM9muc0jiLIEAkAcIMJzfthRT6usrui8uGmg=
github.com/x-cray/logrus-prefixed-formatter v0.5.2/go.mod h1:2duySbKsL6M18s5GU7VPsoEPHyzalCE06qoARUCeBBE=
golang.org/x/crypto v0.0.0-20180904163835-0709b304e793 h1:u+LnwYTOOW7Ukr/fppxEb1Nwz0AtPflrblfvUudpo+I=
golang.org/x/crypto v0.0.0-20180904163835-0709b304e793/go.mod h1:6SG95UA2DQfeDnfUPMdvaQW0Q7yPrPDi9nlGo2tz2b4=
golang.org/x/lint v0.0.0-20181026193005-c67002cb31c3/go.mod h1:UVdnD1Gm6xHRNCYTkRU2/jEulfH38KcIWyp/GAMgvoE=
golang.org/x/net v0.0.0-20180826012351-8a410e7b638d/go.mod h1:mL1N/T3taQHkDXs73rZJwtUhF3w3ftmwwsq0BUmARs4=
golang.org/x/net v0.0.0-20190119204137-ed066c81e75e h1:MDa3fSUp6MdYHouVmCCNz/zaH2a6CRcxY3VhT/K3C5Q=
golang.org/x/net v0.0.0-20190119204137-ed066c81e75e/go.mod h1:mL1N/T3taQHkDXs73rZJwtUhF3w3ftmwwsq0BUmARs4=
golang.org/x/oauth2 v0.0.0-20180821212333-d2e6202438be/go.mod h1:N/0e6XlmueqKjAGxoOufVs8QHGRruUQn6yWY3a++T0U=
golang.org/x/sync v0.0.0-20180314180146-1d60e4601c6f h1:wMNYb4v58l5UBM7MYRLPG6ZhfOqbKu7X5eyFl8ZhKvA=
golang.org/x/sync v0.0.0-20180314180146-1d60e4601c6f/go.mod h1:RxMgew5VJxzue5/jJTE5uejpjVlOe/izrB70Jof72aM=
golang.org/x/sys v0.0.0-20180830151530-49385e6e1522/go.mod h1:STP8DvDyc/dI5b8T5hshtkjS+E42TnysNCUPdjciGhY=
golang.org/x/sys v0.0.0-20180905080454-ebe1bf3edb33 h1:I6FyU15t786LL7oL/hn43zqTuEGr4PN7F4XJ1p4E3Y8=
golang.org/x/sys v0.0.0-20180905080454-ebe1bf3edb33/go.mod h1:STP8DvDyc/dI5b8T5hshtkjS+E42TnysNCUPdjciGhY=
golang.org/x/text v0.3.0 h1:g61tztE5qeGQ89tm6NTjjM9VPIm088od1l6aSorWRWg=
golang.org/x/text v0.3.0/go.mod h1:NqM8EUOU14njkJ3fqMW+pc6Ldnwhi/IjpwHt7yyuwOQ=
golang.org/x/tools v0.0.0-20180828015842-6cd1fcedba52/go.mod h1:n7NCudcB/nEzxVGmLbDWY5pfWTLqBcC2KZ6jyYvM4mQ=
google.golang.org/appengine v1.1.0/go.mod h1:EbEs0AVv82hx2wNQdGPgUI5lhzA/G0D9YwlJXL52JkM=
google.golang.org/genproto v0.0.0-20180817151627-c66870c02cf8 h1:Nw54tB0rB7hY/N0NQvRW8DG4Yk3Q6T9cu9RcFQDu1tc=
google.golang.org/genproto v0.0.0-20180817151627-c66870c02cf8/go.mod h1:JiN7NxoALGmiZfu7CAH4rXhgtRTLTxftemlI0sWmxmc=
google.golang.org/grpc v1.18.0 h1:IZl7mfBGfbhYx2p2rKRtYgDFw6SBz+kclmxYrCksPPA=
google.golang.org/grpc v1.18.0/go.mod h1:6QZJwpn2B+Zp71q/5VxRsJ6NXXVCE5NRUHRo+f3cWCs=
gopkg.in/ahmetb/go-linq.v3 v3.0.0 h1:iRmGX2Rx0pcLfnANmCgrk+nRrG2o0n2QubXxAfywmMY=
gopkg.in/ahmetb/go-linq.v3 v3.0.0/go.mod h1:aCrfo8j/Trl5stkD0Y+ScykYz2I1S+Z5puGM7yu7ozo=
gopkg.in/alexcesaro/statsd.v2 v2.0.0 h1:FXkZSCZIH17vLCO5sO2UucTHsH9pc+17F6pl3JVCwMc=
gopkg.in/alexcesaro/statsd.v2 v2.0.0/go.mod h1:i0ubccKGzBVNBpdGV5MocxyA/XlLUJzA7SLonnE4drU=
gopkg.in/check.v1 v0.0.0-20161208181325-20d25e280405/go.mod h1:Co6ibVJAznAaIkqp8huTwlJQCZ016jof/cbN4VW5Yz0=
gopkg.in/check.v1 v1.0.0-20180628173108-788fd7840127 h1:qIbj1fsPNlZgppZ+VLlY7N33q108Sa+fhmuc+sWQYwY=
gopkg.in/check.v1 v1.0.0-20180628173108-788fd7840127/go.mod h1:Co6ibVJAznAaIkqp8huTwlJQCZ016jof/cbN4VW5Yz0=
gopkg.in/yaml.v2 v2.2.2 h1:ZCJp+EgiOT7lHqUV2J862kp8Qj64Jo6az82+3Td9dZw=
gopkg.in/yaml.v2 v2.2.2/go.mod h1:hI93XBmqTisBFMUTm0b8Fm+jr3Dg1NNxqwp+5A1VGuI=
honnef.co/go/tools v0.0.0-20180728063816-88497007e858/go.mod h1:rf3lG4BRIbNafJWhAfAdb/ePZxsR/4RtNHQocxwk9r4=
